
Microsoft Visual Studio Solution File, Format Version 12.00
# Visual Studio Version 16
VisualStudioVersion = 16.0.31729.503
MinimumVisualStudioVersion = 10.0.40219.1
Project("{8BC9CEB8-8B4A-11D0-8D11-00A0C91BC942}") = "Render", "Render\Render.vcxproj", "{1F311D5C-AE12-4939-B969-286785653870}"
EndProject
Project("{8BC9CEB8-8B4A-11D0-8D11-00A0C91BC942}") = "Foundation", "Foundation\Foundation.vcxproj", "{964438A3-86D4-48D7-AC32-E1BFF2177E11}"
EndProject
Project("{8BC9CEB8-8B4A-11D0-8D11-00A0C91BC942}") = "PlaystationCore", "PlaystationCore\PlaystationEmulator.vcxproj", "{3F7572D6-2220-42E3-8C9A-463132223454}"
EndProject
Project("{8BC9CEB8-8B4A-11D0-8D11-00A0C91BC942}") = "App", "App\App.vcxproj", "{C4B3114E-9364-49CD-AC18-EEB6346EED2C}"
	ProjectSection(ProjectDependencies) = postProject
		{1F297A95-2BCE-41DE-B095-ED33DB043103} = {1F297A95-2BCE-41DE-B095-ED33DB043103}
	EndProjectSection
EndProject
Project("{8BC9CEB8-8B4A-11D0-8D11-00A0C91BC942}") = "Imgui", "Imgui\Imgui.vcxproj", "{1F297A95-2BCE-41DE-B095-ED33DB043103}"
EndProject
Global
	GlobalSection(SolutionConfigurationPlatforms) = preSolution
		Debug|x64 = Debug|x64
		Debug|x86 = Debug|x86
		Release|x64 = Release|x64
		Release|x86 = Release|x86
		Shipping|x64 = Shipping|x64
		Shipping|x86 = Shipping|x86
	EndGlobalSection
	GlobalSection(ProjectConfigurationPlatforms) = postSolution
		{1F311D5C-AE12-4939-B969-286785653870}.Debug|x64.ActiveCfg = Debug|x64
		{1F311D5C-AE12-4939-B969-286785653870}.Debug|x64.Build.0 = Debug|x64
		{1F311D5C-AE12-4939-B969-286785653870}.Debug|x86.ActiveCfg = Debug|Win32
		{1F311D5C-AE12-4939-B969-286785653870}.Debug|x86.Build.0 = Debug|Win32
		{1F311D5C-AE12-4939-B969-286785653870}.Release|x64.ActiveCfg = Release|x64
		{1F311D5C-AE12-4939-B969-286785653870}.Release|x64.Build.0 = Release|x64
		{1F311D5C-AE12-4939-B969-286785653870}.Release|x86.ActiveCfg = Release|Win32
		{1F311D5C-AE12-4939-B969-286785653870}.Release|x86.Build.0 = Release|Win32
		{1F311D5C-AE12-4939-B969-286785653870}.Shipping|x64.ActiveCfg = Shipping|x64
		{1F311D5C-AE12-4939-B969-286785653870}.Shipping|x64.Build.0 = Shipping|x64
		{1F311D5C-AE12-4939-B969-286785653870}.Shipping|x86.ActiveCfg = Shipping|Win32
		{1F311D5C-AE12-4939-B969-286785653870}.Shipping|x86.Build.0 = Shipping|Win32
		{964438A3-86D4-48D7-AC32-E1BFF2177E11}.Debug|x64.ActiveCfg = Debug|x64
		{964438A3-86D4-48D7-AC32-E1BFF2177E11}.Debug|x64.Build.0 = Debug|x64
		{964438A3-86D4-48D7-AC32-E1BFF2177E11}.Debug|x86.ActiveCfg = Debug|Win32
		{964438A3-86D4-48D7-AC32-E1BFF2177E11}.Debug|x86.Build.0 = Debug|Win32
		{964438A3-86D4-48D7-AC32-E1BFF2177E11}.Release|x64.ActiveCfg = Release|x64
		{964438A3-86D4-48D7-AC32-E1BFF2177E11}.Release|x64.Build.0 = Release|x64
		{964438A3-86D4-48D7-AC32-E1BFF2177E11}.Release|x86.ActiveCfg = Release|Win32
		{964438A3-86D4-48D7-AC32-E1BFF2177E11}.Release|x86.Build.0 = Release|Win32
		{964438A3-86D4-48D7-AC32-E1BFF2177E11}.Shipping|x64.ActiveCfg = Shipping|x64
		{964438A3-86D4-48D7-AC32-E1BFF2177E11}.Shipping|x64.Build.0 = Shipping|x64
		{964438A3-86D4-48D7-AC32-E1BFF2177E11}.Shipping|x86.ActiveCfg = Shipping|Win32
		{964438A3-86D4-48D7-AC32-E1BFF2177E11}.Shipping|x86.Build.0 = Shipping|Win32
		{3F7572D6-2220-42E3-8C9A-463132223454}.Debug|x64.ActiveCfg = Debug|x64
		{3F7572D6-2220-42E3-8C9A-463132223454}.Debug|x64.Build.0 = Debug|x64
		{3F7572D6-2220-42E3-8C9A-463132223454}.Debug|x86.ActiveCfg = Debug|Win32
		{3F7572D6-2220-42E3-8C9A-463132223454}.Debug|x86.Build.0 = Debug|Win32
		{3F7572D6-2220-42E3-8C9A-463132223454}.Release|x64.ActiveCfg = Release|x64
		{3F7572D6-2220-42E3-8C9A-463132223454}.Release|x64.Build.0 = Release|x64
		{3F7572D6-2220-42E3-8C9A-463132223454}.Release|x86.ActiveCfg = Release|Win32
		{3F7572D6-2220-42E3-8C9A-463132223454}.Release|x86.Build.0 = Release|Win32
		{3F7572D6-2220-42E3-8C9A-463132223454}.Shipping|x64.ActiveCfg = Shipping|x64
		{3F7572D6-2220-42E3-8C9A-463132223454}.Shipping|x64.Build.0 = Shipping|x64
		{3F7572D6-2220-42E3-8C9A-463132223454}.Shipping|x86.ActiveCfg = Shipping|Win32
		{3F7572D6-2220-42E3-8C9A-463132223454}.Shipping|x86.Build.0 = Shipping|Win32
		{C4B3114E-9364-49CD-AC18-EEB6346EED2C}.Debug|x64.ActiveCfg = Debug|x64
		{C4B3114E-9364-49CD-AC18-EEB6346EED2C}.Debug|x64.Build.0 = Debug|x64
		{C4B3114E-9364-49CD-AC18-EEB6346EED2C}.Debug|x86.ActiveCfg = Debug|Win32
		{C4B3114E-9364-49CD-AC18-EEB6346EED2C}.Debug|x86.Build.0 = Debug|Win32
		{C4B3114E-9364-49CD-AC18-EEB6346EED2C}.Release|x64.ActiveCfg = Release|x64
		{C4B3114E-9364-49CD-AC18-EEB6346EED2C}.Release|x64.Build.0 = Release|x64
		{C4B3114E-9364-49CD-AC18-EEB6346EED2C}.Release|x86.ActiveCfg = Release|Win32
		{C4B3114E-9364-49CD-AC18-EEB6346EED2C}.Release|x86.Build.0 = Release|Win32
		{C4B3114E-9364-49CD-AC18-EEB6346EED2C}.Shipping|x64.ActiveCfg = Debug|x64
		{C4B3114E-9364-49CD-AC18-EEB6346EED2C}.Shipping|x64.Build.0 = Debug|x64
		{C4B3114E-9364-49CD-AC18-EEB6346EED2C}.Shipping|x86.ActiveCfg = Shipping|Win32
		{C4B3114E-9364-49CD-AC18-EEB6346EED2C}.Shipping|x86.Build.0 = Shipping|Win32
		{1F297A95-2BCE-41DE-B095-ED33DB043103}.Debug|x64.ActiveCfg = Debug|x64
		{1F297A95-2BCE-41DE-B095-ED33DB043103}.Debug|x64.Build.0 = Debug|x64
		{1F297A95-2BCE-41DE-B095-ED33DB043103}.Debug|x86.ActiveCfg = Debug|Win32
		{1F297A95-2BCE-41DE-B095-ED33DB043103}.Debug|x86.Build.0 = Debug|Win32
		{1F297A95-2BCE-41DE-B095-ED33DB043103}.Release|x64.ActiveCfg = Release|x64
		{1F297A95-2BCE-41DE-B095-ED33DB043103}.Release|x64.Build.0 = Release|x64
		{1F297A95-2BCE-41DE-B095-ED33DB043103}.Release|x86.ActiveCfg = Release|Win32
		{1F297A95-2BCE-41DE-B095-ED33DB043103}.Release|x86.Build.0 = Release|Win32
		{1F297A95-2BCE-41DE-B095-ED33DB043103}.Shipping|x64.ActiveCfg = Debug|x64
		{1F297A95-2BCE-41DE-B095-ED33DB043103}.Shipping|x64.Build.0 = Debug|x64
		{1F297A95-2BCE-41DE-B095-ED33DB043103}.Shipping|x86.ActiveCfg = Debug|Win32
		{1F297A95-2BCE-41DE-B095-ED33DB043103}.Shipping|x86.Build.0 = Debug|Win32
	EndGlobalSection
	GlobalSection(SolutionProperties) = preSolution
		HideSolutionNode = FALSE
	EndGlobalSection
	GlobalSection(ExtensibilityGlobals) = postSolution
		SolutionGuid = {EA5B693D-47CB-4415-89A6-6DA7BC020126}
	EndGlobalSection
EndGlobal
