<?xml version="1.0" encoding="utf-8"?>
<Project ToolsVersion="4.0" xmlns="http://schemas.microsoft.com/developer/msbuild/2003">
  <ItemGroup>
    <Filter Include="inc">
      <UniqueIdentifier>{6bcd8cfb-c446-4914-916b-a23f172c8566}</UniqueIdentifier>
    </Filter>
    <Filter Include="src">
      <UniqueIdentifier>{e3d94b85-ed98-4dbd-8ff2-6380c86a412c}</UniqueIdentifier>
    </Filter>
    <Filter Include="inc\stdx">
      <UniqueIdentifier>{0c4f9c44-e056-44ac-969a-0d728cabd902}</UniqueIdentifier>
    </Filter>
    <Filter Include="inc\Math">
      <UniqueIdentifier>{35ad4d97-a468-46c4-a58d-dddc5671f186}</UniqueIdentifier>
    </Filter>
    <Filter Include="inc\System">
      <UniqueIdentifier>{7f3a18ed-6169-4375-8b9c-fed17c3aaa1c}</UniqueIdentifier>
    </Filter>
    <Filter Include="src\System">
      <UniqueIdentifier>{c1845e95-c314-4381-9808-ab0685a19882}</UniqueIdentifier>
    </Filter>
  </ItemGroup>
  <ItemGroup>
    <ClInclude Include="inc\stdx\assert.h">
      <Filter>inc\stdx</Filter>
    </ClInclude>
    <ClInclude Include="inc\stdx\bit.h">
      <Filter>inc\stdx</Filter>
    </ClInclude>
    <ClInclude Include="inc\stdx\compiler.h">
      <Filter>inc\stdx</Filter>
    </ClInclude>
    <ClInclude Include="inc\Math\Vector.h">
      <Filter>inc\Math</Filter>
    </ClInclude>
    <ClInclude Include="inc\Math\Matrix.h">
      <Filter>inc\Math</Filter>
    </ClInclude>
    <ClInclude Include="inc\Math\FixedPoint.h">
      <Filter>inc\Math</Filter>
    </ClInclude>
    <ClInclude Include="inc\Math\Color.h">
      <Filter>inc\Math</Filter>
    </ClInclude>
    <ClInclude Include="inc\stdx\cast.h">
      <Filter>inc\stdx</Filter>
    </ClInclude>
    <ClInclude Include="inc\Math\Rectangle.h">
      <Filter>inc\Math</Filter>
    </ClInclude>
    <ClInclude Include="inc\stdx\flat_unordered_map.h">
      <Filter>inc\stdx</Filter>
    </ClInclude>
    <ClInclude Include="inc\stdx\string.h">
      <Filter>inc\stdx</Filter>
    </ClInclude>
    <ClInclude Include="inc\stdx\scope.h">
      <Filter>inc\stdx</Filter>
    </ClInclude>
    <ClInclude Include="inc\stdx\log.h">
      <Filter>inc\stdx</Filter>
    </ClInclude>
    <ClInclude Include="inc\System\CommandLine.h">
      <Filter>inc\System</Filter>
    </ClInclude>
    <ClInclude Include="inc\stdx\heap_array.h">
      <Filter>inc\stdx</Filter>
    </ClInclude>
    <ClInclude Include="inc\stdx\memory.h">
      <Filter>inc\stdx</Filter>
    </ClInclude>
    <ClInclude Include="inc\stdx\type_traits.h">
      <Filter>inc\stdx</Filter>
    </ClInclude>
    <ClInclude Include="inc\System\Stopwatch.h">
      <Filter>inc\System</Filter>
    </ClInclude>
    <ClInclude Include="inc\stdx\array.h">
      <Filter>inc\stdx</Filter>
    </ClInclude>
  </ItemGroup>
  <ItemGroup>
    <ClCompile Include="src\dummy.cpp">
      <Filter>src</Filter>
    </ClCompile>
    <ClCompile Include="src\System\CommandLine.cpp">
      <Filter>src\System</Filter>
    </ClCompile>
  </ItemGroup>
</Project>