<?xml version="1.0" encoding="utf-8"?>
<Project ToolsVersion="4.0" xmlns="http://schemas.microsoft.com/developer/msbuild/2003">
  <ItemGroup>
    <Filter Include="inc">
      <UniqueIdentifier>{91b157ec-4213-4a14-a86e-582627ccef11}</UniqueIdentifier>
    </Filter>
    <Filter Include="src">
      <UniqueIdentifier>{eb09ef32-0125-4a25-b4f3-2f36c7c27ef7}</UniqueIdentifier>
    </Filter>
    <Filter Include="src\external">
      <UniqueIdentifier>{ce406ad5-abcd-4318-8b95-0ebd3a37e56e}</UniqueIdentifier>
    </Filter>
  </ItemGroup>
  <ItemGroup>
    <ClInclude Include="inc\PlaystationEmulator\CPU.h">
      <Filter>inc</Filter>
    </ClInclude>
    <ClInclude Include="inc\PlaystationEmulator\Instruction.h">
      <Filter>inc</Filter>
    </ClInclude>
    <ClInclude Include="inc\PlaystationEmulator\assert.h">
      <Filter>inc</Filter>
    </ClInclude>
    <ClInclude Include="inc\PlaystationEmulator\compiler.h">
      <Filter>inc</Filter>
    </ClInclude>
    <ClInclude Include="inc\PlaystationEmulator\Memory.h">
      <Filter>inc</Filter>
    </ClInclude>
    <ClInclude Include="inc\PlaystationEmulator\MemoryMap.h">
      <Filter>inc</Filter>
    </ClInclude>
    <ClInclude Include="inc\PlaystationEmulator\BIOS.h">
      <Filter>inc</Filter>
    </ClInclude>
    <ClInclude Include="inc\PlaystationEmulator\MemoryControl.h">
      <Filter>inc</Filter>
    </ClInclude>
    <ClInclude Include="inc\PlaystationEmulator\Cop0.h">
      <Filter>inc</Filter>
    </ClInclude>
    <ClInclude Include="inc\PlaystationEmulator\Playstation.h">
      <Filter>inc</Filter>
    </ClInclude>
    <ClInclude Include="inc\PlaystationEmulator\SPU.h">
      <Filter>inc</Filter>
    </ClInclude>
    <ClInclude Include="inc\PlaystationEmulator\DMA.h">
      <Filter>inc</Filter>
    </ClInclude>
    <ClInclude Include="inc\PlaystationEmulator\RAM.h">
      <Filter>inc</Filter>
    </ClInclude>
    <ClInclude Include="inc\PlaystationEmulator\GPU.h">
      <Filter>inc</Filter>
    </ClInclude>
    <ClInclude Include="inc\PlaystationEmulator\bit.h">
      <Filter>inc</Filter>
    </ClInclude>
  </ItemGroup>
  <ItemGroup>
    <ClCompile Include="src\CPU.cpp">
      <Filter>src</Filter>
    </ClCompile>
    <ClCompile Include="src\BIOS.cpp">
      <Filter>src</Filter>
    </ClCompile>
    <ClCompile Include="src\main.cpp">
      <Filter>src</Filter>
    </ClCompile>
    <ClCompile Include="src\MemoryMap.cpp">
      <Filter>src</Filter>
    </ClCompile>
    <ClCompile Include="src\Instruction.cpp">
      <Filter>src</Filter>
    </ClCompile>
    <ClCompile Include="src\DMA.cpp">
      <Filter>src</Filter>
    </ClCompile>
    <ClCompile Include="src\Cop0.cpp">
      <Filter>src</Filter>
    </ClCompile>
    <ClCompile Include="src\GPU.cpp">
      <Filter>src</Filter>
    </ClCompile>
    <ClCompile Include="..\Glad\src\glad.c">
      <Filter>src\external</Filter>
    </ClCompile>
  </ItemGroup>
</Project>