<?xml version="1.0" encoding="utf-8"?>
<Project ToolsVersion="4.0" xmlns="http://schemas.microsoft.com/developer/msbuild/2003">
  <ItemGroup>
    <Filter Include="inc">
      <UniqueIdentifier>{91b157ec-4213-4a14-a86e-582627ccef11}</UniqueIdentifier>
    </Filter>
    <Filter Include="src">
      <UniqueIdentifier>{eb09ef32-0125-4a25-b4f3-2f36c7c27ef7}</UniqueIdentifier>
    </Filter>
    <Filter Include="inc\shaders">
      <UniqueIdentifier>{36cc0cca-18f3-4c23-881c-953ca04658f0}</UniqueIdentifier>
    </Filter>
  </ItemGroup>
  <ItemGroup>
    <ClInclude Include="inc\PlaystationEmulator\CPU.h">
      <Filter>inc</Filter>
    </ClInclude>
    <ClInclude Include="inc\PlaystationEmulator\Instruction.h">
      <Filter>inc</Filter>
    </ClInclude>
    <ClInclude Include="inc\PlaystationEmulator\Memory.h">
      <Filter>inc</Filter>
    </ClInclude>
    <ClInclude Include="inc\PlaystationEmulator\MemoryMap.h">
      <Filter>inc</Filter>
    </ClInclude>
    <ClInclude Include="inc\PlaystationEmulator\BIOS.h">
      <Filter>inc</Filter>
    </ClInclude>
    <ClInclude Include="inc\PlaystationEmulator\MemoryControl.h">
      <Filter>inc</Filter>
    </ClInclude>
    <ClInclude Include="inc\PlaystationEmulator\Cop0.h">
      <Filter>inc</Filter>
    </ClInclude>
    <ClInclude Include="inc\PlaystationEmulator\DMA.h">
      <Filter>inc</Filter>
    </ClInclude>
    <ClInclude Include="inc\PlaystationEmulator\RAM.h">
      <Filter>inc</Filter>
    </ClInclude>
    <ClInclude Include="inc\PlaystationEmulator\GPU.h">
      <Filter>inc</Filter>
    </ClInclude>
    <ClInclude Include="inc\PlaystationEmulator\Renderer.h">
      <Filter>inc</Filter>
    </ClInclude>
    <ClInclude Include="inc\PlaystationEmulator\Timers.h">
      <Filter>inc</Filter>
    </ClInclude>
    <ClInclude Include="inc\PlaystationEmulator\CDRomDrive.h">
      <Filter>inc</Filter>
    </ClInclude>
    <ClInclude Include="inc\PlaystationEmulator\FifoBuffer.h">
      <Filter>inc</Filter>
    </ClInclude>
    <ClInclude Include="inc\PlaystationEmulator\InterruptControl.h">
      <Filter>inc</Filter>
    </ClInclude>
    <ClInclude Include="inc\PlaystationEmulator\CycleScheduler.h">
      <Filter>inc</Filter>
    </ClInclude>
    <ClInclude Include="inc\PlaystationEmulator\File.h">
      <Filter>inc</Filter>
    </ClInclude>
    <ClInclude Include="inc\PlaystationEmulator\GeometryTransformationEngine.h">
      <Filter>inc</Filter>
    </ClInclude>
    <ClInclude Include="inc\PlaystationEmulator\ControllerPorts.h">
      <Filter>inc</Filter>
    </ClInclude>
    <ClInclude Include="inc\PlaystationEmulator\DualSerialPort.h">
      <Filter>inc</Filter>
    </ClInclude>
    <ClInclude Include="inc\PlaystationEmulator\ClutShader.h">
      <Filter>inc\shaders</Filter>
    </ClInclude>
    <ClInclude Include="inc\PlaystationEmulator\FullscreenShader.h">
      <Filter>inc\shaders</Filter>
    </ClInclude>
    <ClInclude Include="inc\PlaystationEmulator\GpuDefs.h">
      <Filter>inc</Filter>
    </ClInclude>
  </ItemGroup>
  <ItemGroup>
    <ClCompile Include="src\CPU.cpp">
      <Filter>src</Filter>
    </ClCompile>
    <ClCompile Include="src\BIOS.cpp">
      <Filter>src</Filter>
    </ClCompile>
    <ClCompile Include="src\main.cpp">
      <Filter>src</Filter>
    </ClCompile>
    <ClCompile Include="src\Instruction.cpp">
      <Filter>src</Filter>
    </ClCompile>
    <ClCompile Include="src\DMA.cpp">
      <Filter>src</Filter>
    </ClCompile>
    <ClCompile Include="src\Cop0.cpp">
      <Filter>src</Filter>
    </ClCompile>
    <ClCompile Include="src\GPU.cpp">
      <Filter>src</Filter>
    </ClCompile>
    <ClCompile Include="src\Renderer.cpp">
      <Filter>src</Filter>
    </ClCompile>
    <ClCompile Include="src\Timers.cpp">
      <Filter>src</Filter>
    </ClCompile>
    <ClCompile Include="src\CDRomDrive.cpp">
      <Filter>src</Filter>
    </ClCompile>
    <ClCompile Include="src\CycleScheduler.cpp">
      <Filter>src</Filter>
    </ClCompile>
    <ClCompile Include="src\GeometryTransformationEngine.cpp">
      <Filter>src</Filter>
    </ClCompile>
    <ClCompile Include="src\MemoryControl.cpp">
      <Filter>src</Filter>
    </ClCompile>
  </ItemGroup>
</Project>