<?xml version="1.0" encoding="utf-8"?>
<Project ToolsVersion="4.0" xmlns="http://schemas.microsoft.com/developer/msbuild/2003">
  <ItemGroup>
    <Filter Include="src">
      <UniqueIdentifier>{eb09ef32-0125-4a25-b4f3-2f36c7c27ef7}</UniqueIdentifier>
    </Filter>
    <Filter Include="src\shaders">
      <UniqueIdentifier>{53fab8ee-f902-47fa-a93b-c9d600d7a293}</UniqueIdentifier>
    </Filter>
    <Filter Include="inc">
      <UniqueIdentifier>{d76e88e2-93ca-495c-94ca-6da30826aa8f}</UniqueIdentifier>
    </Filter>
    <Filter Include="inc\shaders">
      <UniqueIdentifier>{0ce944c1-2a0b-41cd-94a1-2f8d86cac2a1}</UniqueIdentifier>
    </Filter>
  </ItemGroup>
  <ItemGroup>
    <ClCompile Include="src\CPU.cpp">
      <Filter>src</Filter>
    </ClCompile>
    <ClCompile Include="src\BIOS.cpp">
      <Filter>src</Filter>
    </ClCompile>
    <ClCompile Include="src\Instruction.cpp">
      <Filter>src</Filter>
    </ClCompile>
    <ClCompile Include="src\DMA.cpp">
      <Filter>src</Filter>
    </ClCompile>
    <ClCompile Include="src\Cop0.cpp">
      <Filter>src</Filter>
    </ClCompile>
    <ClCompile Include="src\GPU.cpp">
      <Filter>src</Filter>
    </ClCompile>
    <ClCompile Include="src\Renderer.cpp">
      <Filter>src</Filter>
    </ClCompile>
    <ClCompile Include="src\Timers.cpp">
      <Filter>src</Filter>
    </ClCompile>
    <ClCompile Include="src\CDRomDrive.cpp">
      <Filter>src</Filter>
    </ClCompile>
    <ClCompile Include="src\MemoryControl.cpp">
      <Filter>src</Filter>
    </ClCompile>
    <ClCompile Include="src\Controller.cpp">
      <Filter>src</Filter>
    </ClCompile>
    <ClCompile Include="src\ControllerPorts.cpp">
      <Filter>src</Filter>
    </ClCompile>
    <ClCompile Include="src\GTE.cpp">
      <Filter>src</Filter>
    </ClCompile>
    <ClCompile Include="src\SPU.cpp">
      <Filter>src</Filter>
    </ClCompile>
    <ClCompile Include="src\EventManager.cpp">
      <Filter>src</Filter>
    </ClCompile>
    <ClCompile Include="src\File.cpp">
      <Filter>src</Filter>
    </ClCompile>
    <ClCompile Include="src\MacroblockDecoder.cpp">
      <Filter>src</Filter>
    </ClCompile>
    <ClCompile Include="src\MemoryCard.cpp">
      <Filter>src</Filter>
    </ClCompile>
    <ClCompile Include="src\MemoryMap.cpp">
      <Filter>src</Filter>
    </ClCompile>
    <ClCompile Include="src\VRamCopyShader.cpp">
      <Filter>src\shaders</Filter>
    </ClCompile>
    <ClCompile Include="src\Playstation.cpp">
      <Filter>src</Filter>
    </ClCompile>
    <ClCompile Include="src\CDXA.cpp">
      <Filter>src</Filter>
    </ClCompile>
  </ItemGroup>
  <ItemGroup>
    <None Include="packages.config" />
  </ItemGroup>
  <ItemGroup>
    <ClInclude Include="inc\PlaystationCore\BIOS.h">
      <Filter>inc</Filter>
    </ClInclude>
    <ClInclude Include="inc\PlaystationCore\CDRom.h">
      <Filter>inc</Filter>
    </ClInclude>
    <ClInclude Include="inc\PlaystationCore\CDRomDrive.h">
      <Filter>inc</Filter>
    </ClInclude>
    <ClInclude Include="inc\PlaystationCore\Controller.h">
      <Filter>inc</Filter>
    </ClInclude>
    <ClInclude Include="inc\PlaystationCore\ControllerPorts.h">
      <Filter>inc</Filter>
    </ClInclude>
    <ClInclude Include="inc\PlaystationCore\Cop0.h">
      <Filter>inc</Filter>
    </ClInclude>
    <ClInclude Include="inc\PlaystationCore\CPU.h">
      <Filter>inc</Filter>
    </ClInclude>
    <ClInclude Include="inc\PlaystationCore\CueSheet.h">
      <Filter>inc</Filter>
    </ClInclude>
    <ClInclude Include="inc\PlaystationCore\Defs.h">
      <Filter>inc</Filter>
    </ClInclude>
    <ClInclude Include="inc\PlaystationCore\DMA.h">
      <Filter>inc</Filter>
    </ClInclude>
    <ClInclude Include="inc\PlaystationCore\DualSerialPort.h">
      <Filter>inc</Filter>
    </ClInclude>
    <ClInclude Include="inc\PlaystationCore\EventManager.h">
      <Filter>inc</Filter>
    </ClInclude>
    <ClInclude Include="inc\PlaystationCore\FifoBuffer.h">
      <Filter>inc</Filter>
    </ClInclude>
    <ClInclude Include="inc\PlaystationCore\File.h">
      <Filter>inc</Filter>
    </ClInclude>
    <ClInclude Include="inc\PlaystationCore\GPU.h">
      <Filter>inc</Filter>
    </ClInclude>
    <ClInclude Include="inc\PlaystationCore\GpuDefs.h">
      <Filter>inc</Filter>
    </ClInclude>
    <ClInclude Include="inc\PlaystationCore\GTE.h">
      <Filter>inc</Filter>
    </ClInclude>
    <ClInclude Include="inc\PlaystationCore\Instruction.h">
      <Filter>inc</Filter>
    </ClInclude>
    <ClInclude Include="inc\PlaystationCore\InterruptControl.h">
      <Filter>inc</Filter>
    </ClInclude>
    <ClInclude Include="inc\PlaystationCore\MacroblockDecoder.h">
      <Filter>inc</Filter>
    </ClInclude>
    <ClInclude Include="inc\PlaystationCore\Memory.h">
      <Filter>inc</Filter>
    </ClInclude>
    <ClInclude Include="inc\PlaystationCore\MemoryCard.h">
      <Filter>inc</Filter>
    </ClInclude>
    <ClInclude Include="inc\PlaystationCore\MemoryControl.h">
      <Filter>inc</Filter>
    </ClInclude>
    <ClInclude Include="inc\PlaystationCore\MemoryMap.h">
      <Filter>inc</Filter>
    </ClInclude>
    <ClInclude Include="inc\PlaystationCore\Playstation.h">
      <Filter>inc</Filter>
    </ClInclude>
    <ClInclude Include="inc\PlaystationCore\RAM.h">
      <Filter>inc</Filter>
    </ClInclude>
    <ClInclude Include="inc\PlaystationCore\Renderer.h">
      <Filter>inc</Filter>
    </ClInclude>
    <ClInclude Include="inc\PlaystationCore\SPU.h">
      <Filter>inc</Filter>
    </ClInclude>
    <ClInclude Include="inc\PlaystationCore\Timers.h">
      <Filter>inc</Filter>
    </ClInclude>
    <ClInclude Include="inc\PlaystationCore\VRamCopyShader.h">
      <Filter>inc\shaders</Filter>
    </ClInclude>
    <ClInclude Include="inc\PlaystationCore\Output24bitShader.h">
      <Filter>inc\shaders</Filter>
    </ClInclude>
    <ClInclude Include="inc\PlaystationCore\Output16bitShader.h">
      <Filter>inc\shaders</Filter>
    </ClInclude>
    <ClInclude Include="inc\PlaystationCore\FullscreenShader.h">
      <Filter>inc\shaders</Filter>
    </ClInclude>
    <ClInclude Include="inc\PlaystationCore\ClutShader.h">
      <Filter>inc\shaders</Filter>
    </ClInclude>
    <ClInclude Include="inc\PlaystationCore\CDXA.h">
      <Filter>inc</Filter>
    </ClInclude>
  </ItemGroup>
</Project>