<?xml version="1.0" encoding="utf-8"?>
<Project ToolsVersion="4.0" xmlns="http://schemas.microsoft.com/developer/msbuild/2003">
  <ItemGroup>
    <Filter Include="inc">
      <UniqueIdentifier>{0bb90441-5a5b-4739-84e6-0218d589ee1b}</UniqueIdentifier>
    </Filter>
    <Filter Include="src">
      <UniqueIdentifier>{72064575-680b-4625-92be-49f2fce90a81}</UniqueIdentifier>
    </Filter>
    <Filter Include="glad">
      <UniqueIdentifier>{f6edfd9b-9338-4843-9789-9f55afe70eed}</UniqueIdentifier>
    </Filter>
  </ItemGroup>
  <ItemGroup>
    <ClCompile Include="src\Shader.cpp">
      <Filter>src</Filter>
    </ClCompile>
    <ClCompile Include="Glad\src\glad.c">
      <Filter>glad</Filter>
    </ClCompile>
    <ClCompile Include="src\Error.cpp">
      <Filter>src</Filter>
    </ClCompile>
  </ItemGroup>
  <ItemGroup>
    <ClInclude Include="inc\Render\Shader.h">
      <Filter>inc</Filter>
    </ClInclude>
    <ClInclude Include="inc\Render\Buffer.h">
      <Filter>inc</Filter>
    </ClInclude>
    <ClInclude Include="inc\Render\VertexArrayObject.h">
      <Filter>inc</Filter>
    </ClInclude>
    <ClInclude Include="inc\Render\Types.h">
      <Filter>inc</Filter>
    </ClInclude>
    <ClInclude Include="Glad\include\glad\glad.h">
      <Filter>glad</Filter>
    </ClInclude>
    <ClInclude Include="Glad\include\KHR\khrplatform.h">
      <Filter>glad</Filter>
    </ClInclude>
    <ClInclude Include="inc\Render\Error.h">
      <Filter>inc</Filter>
    </ClInclude>
    <ClInclude Include="inc\Render\Texture.h">
      <Filter>inc</Filter>
    </ClInclude>
  </ItemGroup>
</Project>